
Microsoft Visual Studio Solution File, Format Version 12.00
# Visual Studio Version 16
VisualStudioVersion = 16.0.30804.86
MinimumVisualStudioVersion = 10.0.40219.1
Project("{9A19103F-16F7-4668-BE54-9A1E7A4F7556}") = "Common", "Common\Common.csproj", "{1F5555CC-D5E9-4757-8FB9-0763231FB525}"
EndProject
Project("{2150E333-8FDC-42A3-9474-1A3956D46DE8}") = "SpeechToText", "SpeechToText", "{8CF9311C-A2E3-44A2-9F01-24AEEC441ED7}"
EndProject
Project("{2150E333-8FDC-42A3-9474-1A3956D46DE8}") = "TextToText", "TextToText", "{5AC9C586-24AA-452F-A87D-4C8E76EFFDA3}"
EndProject
Project("{2150E333-8FDC-42A3-9474-1A3956D46DE8}") = "TextToSpeech", "TextToSpeech", "{F51A2330-A93F-49B0-9856-A4CCB9A68D4D}"
EndProject
Project("{2150E333-8FDC-42A3-9474-1A3956D46DE8}") = "SpeechToVideo", "SpeechToVideo", "{56ECCD31-4E04-4CDD-93E4-17EB78555D61}"
EndProject
Project("{9A19103F-16F7-4668-BE54-9A1E7A4F7556}") = "SpeechToTextModule", "SpeechToText\SpeechToTextModule\SpeechToTextModule.csproj", "{2F4758B9-4DF7-4CCB-990B-CD03AABF4081}"
EndProject
Project("{9A19103F-16F7-4668-BE54-9A1E7A4F7556}") = "SpeechToVideoModule", "SpeechToVideo\SpeechToVideoModule\SpeechToVideoModule.csproj", "{5BF10451-366F-49C2-9294-17B82CC76475}"
EndProject
Project("{9A19103F-16F7-4668-BE54-9A1E7A4F7556}") = "TextToSpeechModule", "TextToSpeech\TextToSpeechModule\TextToSpeechModule.csproj", "{8893EEF6-EE26-4ADF-9BD0-4B844787FED3}"
EndProject
Project("{2150E333-8FDC-42A3-9474-1A3956D46DE8}") = "Modules", "Modules", "{738AAA07-EABF-4EE0-A6A7-DCA33EFBAA46}"
EndProject
Project("{9A19103F-16F7-4668-BE54-9A1E7A4F7556}") = "DeepSpeech", "SpeechToText\Modules\DeepSpeech\DeepSpeech.csproj", "{F55A29A9-F8D9-4CD8-BFB8-14A0798BE248}"
EndProject
Project("{9A19103F-16F7-4668-BE54-9A1E7A4F7556}") = "GoogleSTT", "SpeechToText\Modules\GoogleSTT\GoogleSTT.csproj", "{EE36B080-8BB4-4E54-81A9-760CD7EDDB49}"
EndProject
Project("{9A19103F-16F7-4668-BE54-9A1E7A4F7556}") = "UserInterface", "UserInterface\UserInterface.csproj", "{9DD4226A-2B5F-4870-B17F-89C3A3CE2E70}"
EndProject
Project("{2150E333-8FDC-42A3-9474-1A3956D46DE8}") = "Modules", "Modules", "{682EA0DA-54BD-42BE-B45B-A51E675C17EF}"
EndProject
Project("{9A19103F-16F7-4668-BE54-9A1E7A4F7556}") = "Wav2Lip", "SpeechToVideo\Modules\Wav2Lip\Wav2Lip.csproj", "{3AFEE9AC-262B-4ADA-9107-5EB070A6976B}"
EndProject
Project("{9A19103F-16F7-4668-BE54-9A1E7A4F7556}") = "GoogleTTS", "TextToSpeech\Modules\GoogleTTS\GoogleTTS.csproj", "{66AA26B1-2119-421A-820C-8E6F35DF733A}"
EndProject
Project("{9A19103F-16F7-4668-BE54-9A1E7A4F7556}") = "PyTTSx3", "TextToSpeech\Modules\PyTTSx3\PyTTSx3.csproj", "{E8D0734D-6E5B-4C91-9DC7-5CE1F10A2E55}"
EndProject
Project("{9A19103F-16F7-4668-BE54-9A1E7A4F7556}") = "RTVC", "TextToSpeech\Modules\RTVC\RTVC.csproj", "{4184226B-BD33-4076-A319-E60522B981BC}"
EndProject
Project("{9A19103F-16F7-4668-BE54-9A1E7A4F7556}") = "TensorFlowTTS", "TextToSpeech\Modules\TensorFlowTTS\TensorFlowTTS.csproj", "{AB79C977-B9C5-44F8-8A66-150F09A66D0D}"
EndProject
Project("{2150E333-8FDC-42A3-9474-1A3956D46DE8}") = "Modules", "Modules", "{1742AC5F-0E41-46AD-8083-031F5F3B778C}"
EndProject
Project("{9A19103F-16F7-4668-BE54-9A1E7A4F7556}") = "TextToTextModule", "TextToText\TextToTextModule\TextToTextModule.csproj", "{CE4AF93C-C56B-4BCB-8AE0-D81F7B1B6D12}"
EndProject
Project("{2150E333-8FDC-42A3-9474-1A3956D46DE8}") = "Modules", "Modules", "{A16C325C-B5F6-4574-ADDF-3E06FAF96271}"
EndProject
Project("{9A19103F-16F7-4668-BE54-9A1E7A4F7556}") = "GoogleTranslate", "TextToText\Modules\GoogleTranslate\GoogleTranslate.csproj", "{014BF288-4D35-41E3-B6C5-B68A7CAD59D7}"
EndProject
Project("{9A19103F-16F7-4668-BE54-9A1E7A4F7556}") = "MarianMT", "TextToText\Modules\MarianMT\MarianMT.csproj", "{03A1A299-8FC2-4DD9-AC7C-B9315A75FFFF}"
EndProject
Global
	GlobalSection(SolutionConfigurationPlatforms) = preSolution
		Debug|Any CPU = Debug|Any CPU
		Release|Any CPU = Release|Any CPU
	EndGlobalSection
	GlobalSection(ProjectConfigurationPlatforms) = postSolution
		{1F5555CC-D5E9-4757-8FB9-0763231FB525}.Debug|Any CPU.ActiveCfg = Debug|Any CPU
		{1F5555CC-D5E9-4757-8FB9-0763231FB525}.Debug|Any CPU.Build.0 = Debug|Any CPU
		{1F5555CC-D5E9-4757-8FB9-0763231FB525}.Release|Any CPU.ActiveCfg = Release|Any CPU
		{1F5555CC-D5E9-4757-8FB9-0763231FB525}.Release|Any CPU.Build.0 = Release|Any CPU
		{2F4758B9-4DF7-4CCB-990B-CD03AABF4081}.Debug|Any CPU.ActiveCfg = Debug|Any CPU
		{2F4758B9-4DF7-4CCB-990B-CD03AABF4081}.Debug|Any CPU.Build.0 = Debug|Any CPU
		{2F4758B9-4DF7-4CCB-990B-CD03AABF4081}.Release|Any CPU.ActiveCfg = Release|Any CPU
		{2F4758B9-4DF7-4CCB-990B-CD03AABF4081}.Release|Any CPU.Build.0 = Release|Any CPU
		{5BF10451-366F-49C2-9294-17B82CC76475}.Debug|Any CPU.ActiveCfg = Debug|Any CPU
		{5BF10451-366F-49C2-9294-17B82CC76475}.Debug|Any CPU.Build.0 = Debug|Any CPU
		{5BF10451-366F-49C2-9294-17B82CC76475}.Release|Any CPU.ActiveCfg = Release|Any CPU
		{5BF10451-366F-49C2-9294-17B82CC76475}.Release|Any CPU.Build.0 = Release|Any CPU
		{8893EEF6-EE26-4ADF-9BD0-4B844787FED3}.Debug|Any CPU.ActiveCfg = Debug|Any CPU
		{8893EEF6-EE26-4ADF-9BD0-4B844787FED3}.Debug|Any CPU.Build.0 = Debug|Any CPU
		{8893EEF6-EE26-4ADF-9BD0-4B844787FED3}.Release|Any CPU.ActiveCfg = Release|Any CPU
		{8893EEF6-EE26-4ADF-9BD0-4B844787FED3}.Release|Any CPU.Build.0 = Release|Any CPU
		{F55A29A9-F8D9-4CD8-BFB8-14A0798BE248}.Debug|Any CPU.ActiveCfg = Debug|Any CPU
		{F55A29A9-F8D9-4CD8-BFB8-14A0798BE248}.Debug|Any CPU.Build.0 = Debug|Any CPU
		{F55A29A9-F8D9-4CD8-BFB8-14A0798BE248}.Release|Any CPU.ActiveCfg = Release|Any CPU
		{F55A29A9-F8D9-4CD8-BFB8-14A0798BE248}.Release|Any CPU.Build.0 = Release|Any CPU
		{EE36B080-8BB4-4E54-81A9-760CD7EDDB49}.Debug|Any CPU.ActiveCfg = Debug|Any CPU
		{EE36B080-8BB4-4E54-81A9-760CD7EDDB49}.Debug|Any CPU.Build.0 = Debug|Any CPU
		{EE36B080-8BB4-4E54-81A9-760CD7EDDB49}.Release|Any CPU.ActiveCfg = Release|Any CPU
		{EE36B080-8BB4-4E54-81A9-760CD7EDDB49}.Release|Any CPU.Build.0 = Release|Any CPU
		{9DD4226A-2B5F-4870-B17F-89C3A3CE2E70}.Debug|Any CPU.ActiveCfg = Debug|Any CPU
		{9DD4226A-2B5F-4870-B17F-89C3A3CE2E70}.Debug|Any CPU.Build.0 = Debug|Any CPU
		{9DD4226A-2B5F-4870-B17F-89C3A3CE2E70}.Release|Any CPU.ActiveCfg = Release|Any CPU
		{9DD4226A-2B5F-4870-B17F-89C3A3CE2E70}.Release|Any CPU.Build.0 = Release|Any CPU
		{3AFEE9AC-262B-4ADA-9107-5EB070A6976B}.Debug|Any CPU.ActiveCfg = Debug|Any CPU
		{3AFEE9AC-262B-4ADA-9107-5EB070A6976B}.Debug|Any CPU.Build.0 = Debug|Any CPU
		{3AFEE9AC-262B-4ADA-9107-5EB070A6976B}.Release|Any CPU.ActiveCfg = Release|Any CPU
		{3AFEE9AC-262B-4ADA-9107-5EB070A6976B}.Release|Any CPU.Build.0 = Release|Any CPU
		{66AA26B1-2119-421A-820C-8E6F35DF733A}.Debug|Any CPU.ActiveCfg = Debug|Any CPU
		{66AA26B1-2119-421A-820C-8E6F35DF733A}.Debug|Any CPU.Build.0 = Debug|Any CPU
		{66AA26B1-2119-421A-820C-8E6F35DF733A}.Release|Any CPU.ActiveCfg = Release|Any CPU
		{66AA26B1-2119-421A-820C-8E6F35DF733A}.Release|Any CPU.Build.0 = Release|Any CPU
		{E8D0734D-6E5B-4C91-9DC7-5CE1F10A2E55}.Debug|Any CPU.ActiveCfg = Debug|Any CPU
		{E8D0734D-6E5B-4C91-9DC7-5CE1F10A2E55}.Debug|Any CPU.Build.0 = Debug|Any CPU
		{E8D0734D-6E5B-4C91-9DC7-5CE1F10A2E55}.Release|Any CPU.ActiveCfg = Release|Any CPU
		{E8D0734D-6E5B-4C91-9DC7-5CE1F10A2E55}.Release|Any CPU.Build.0 = Release|Any CPU
		{4184226B-BD33-4076-A319-E60522B981BC}.Debug|Any CPU.ActiveCfg = Debug|Any CPU
		{4184226B-BD33-4076-A319-E60522B981BC}.Debug|Any CPU.Build.0 = Debug|Any CPU
		{4184226B-BD33-4076-A319-E60522B981BC}.Release|Any CPU.ActiveCfg = Release|Any CPU
		{4184226B-BD33-4076-A319-E60522B981BC}.Release|Any CPU.Build.0 = Release|Any CPU
		{AB79C977-B9C5-44F8-8A66-150F09A66D0D}.Debug|Any CPU.ActiveCfg = Debug|Any CPU
		{AB79C977-B9C5-44F8-8A66-150F09A66D0D}.Debug|Any CPU.Build.0 = Debug|Any CPU
		{AB79C977-B9C5-44F8-8A66-150F09A66D0D}.Release|Any CPU.ActiveCfg = Release|Any CPU
		{AB79C977-B9C5-44F8-8A66-150F09A66D0D}.Release|Any CPU.Build.0 = Release|Any CPU
		{CE4AF93C-C56B-4BCB-8AE0-D81F7B1B6D12}.Debug|Any CPU.ActiveCfg = Debug|Any CPU
		{CE4AF93C-C56B-4BCB-8AE0-D81F7B1B6D12}.Debug|Any CPU.Build.0 = Debug|Any CPU
		{CE4AF93C-C56B-4BCB-8AE0-D81F7B1B6D12}.Release|Any CPU.ActiveCfg = Release|Any CPU
		{CE4AF93C-C56B-4BCB-8AE0-D81F7B1B6D12}.Release|Any CPU.Build.0 = Release|Any CPU
		{014BF288-4D35-41E3-B6C5-B68A7CAD59D7}.Debug|Any CPU.ActiveCfg = Debug|Any CPU
		{014BF288-4D35-41E3-B6C5-B68A7CAD59D7}.Debug|Any CPU.Build.0 = Debug|Any CPU
		{014BF288-4D35-41E3-B6C5-B68A7CAD59D7}.Release|Any CPU.ActiveCfg = Release|Any CPU
		{014BF288-4D35-41E3-B6C5-B68A7CAD59D7}.Release|Any CPU.Build.0 = Release|Any CPU
		{03A1A299-8FC2-4DD9-AC7C-B9315A75FFFF}.Debug|Any CPU.ActiveCfg = Debug|Any CPU
		{03A1A299-8FC2-4DD9-AC7C-B9315A75FFFF}.Debug|Any CPU.Build.0 = Debug|Any CPU
		{03A1A299-8FC2-4DD9-AC7C-B9315A75FFFF}.Release|Any CPU.ActiveCfg = Release|Any CPU
		{03A1A299-8FC2-4DD9-AC7C-B9315A75FFFF}.Release|Any CPU.Build.0 = Release|Any CPU
	EndGlobalSection
	GlobalSection(SolutionProperties) = preSolution
		HideSolutionNode = FALSE
	EndGlobalSection
	GlobalSection(NestedProjects) = preSolution
		{2F4758B9-4DF7-4CCB-990B-CD03AABF4081} = {8CF9311C-A2E3-44A2-9F01-24AEEC441ED7}
		{5BF10451-366F-49C2-9294-17B82CC76475} = {56ECCD31-4E04-4CDD-93E4-17EB78555D61}
		{8893EEF6-EE26-4ADF-9BD0-4B844787FED3} = {F51A2330-A93F-49B0-9856-A4CCB9A68D4D}
		{738AAA07-EABF-4EE0-A6A7-DCA33EFBAA46} = {8CF9311C-A2E3-44A2-9F01-24AEEC441ED7}
		{F55A29A9-F8D9-4CD8-BFB8-14A0798BE248} = {738AAA07-EABF-4EE0-A6A7-DCA33EFBAA46}
		{EE36B080-8BB4-4E54-81A9-760CD7EDDB49} = {738AAA07-EABF-4EE0-A6A7-DCA33EFBAA46}
		{682EA0DA-54BD-42BE-B45B-A51E675C17EF} = {56ECCD31-4E04-4CDD-93E4-17EB78555D61}
		{3AFEE9AC-262B-4ADA-9107-5EB070A6976B} = {682EA0DA-54BD-42BE-B45B-A51E675C17EF}
		{66AA26B1-2119-421A-820C-8E6F35DF733A} = {1742AC5F-0E41-46AD-8083-031F5F3B778C}
		{E8D0734D-6E5B-4C91-9DC7-5CE1F10A2E55} = {1742AC5F-0E41-46AD-8083-031F5F3B778C}
		{4184226B-BD33-4076-A319-E60522B981BC} = {1742AC5F-0E41-46AD-8083-031F5F3B778C}
		{AB79C977-B9C5-44F8-8A66-150F09A66D0D} = {1742AC5F-0E41-46AD-8083-031F5F3B778C}
		{1742AC5F-0E41-46AD-8083-031F5F3B778C} = {F51A2330-A93F-49B0-9856-A4CCB9A68D4D}
		{CE4AF93C-C56B-4BCB-8AE0-D81F7B1B6D12} = {5AC9C586-24AA-452F-A87D-4C8E76EFFDA3}
		{A16C325C-B5F6-4574-ADDF-3E06FAF96271} = {5AC9C586-24AA-452F-A87D-4C8E76EFFDA3}
		{014BF288-4D35-41E3-B6C5-B68A7CAD59D7} = {A16C325C-B5F6-4574-ADDF-3E06FAF96271}
		{03A1A299-8FC2-4DD9-AC7C-B9315A75FFFF} = {A16C325C-B5F6-4574-ADDF-3E06FAF96271}
	EndGlobalSection
	GlobalSection(ExtensibilityGlobals) = postSolution
		SolutionGuid = {3678BD8B-27AC-48AC-A682-5FD7AD11E72F}
	EndGlobalSection
EndGlobal
