
Microsoft Visual Studio Solution File, Format Version 12.00
# Visual Studio Version 16
VisualStudioVersion = 16.0.30804.86
MinimumVisualStudioVersion = 10.0.40219.1
Project("{9A19103F-16F7-4668-BE54-9A1E7A4F7556}") = "VideoTranslationTool", "User-Interface\VideoTranslationTool.csproj", "{D89A0B0F-7961-4845-A3DD-51AFB11BC8FF}"
EndProject
Project("{9A19103F-16F7-4668-BE54-9A1E7A4F7556}") = "GoogleSTT", "GoogleSTT\GoogleSTT.csproj", "{6252928A-AEE8-47AC-B413-9195F643CFB6}"
EndProject
Project("{9A19103F-16F7-4668-BE54-9A1E7A4F7556}") = "SpeechToTextModule", "SpeechToText\SpeechToTextModule.csproj", "{5D44BE75-8277-4AF4-8C11-5A30A3721142}"
EndProject
Project("{9A19103F-16F7-4668-BE54-9A1E7A4F7556}") = "Common", "Common\Common.csproj", "{1F5555CC-D5E9-4757-8FB9-0763231FB525}"
EndProject
Project("{9A19103F-16F7-4668-BE54-9A1E7A4F7556}") = "DeepSpeech", "DeepSpeech\DeepSpeech.csproj", "{5F11BAD1-3255-447C-9612-586C8093E785}"
EndProject
Project("{9A19103F-16F7-4668-BE54-9A1E7A4F7556}") = "Sphinx", "Sphinx\Sphinx.csproj", "{8E2DA9DD-C086-4CCD-928A-CE05081095D2}"
EndProject
Project("{2150E333-8FDC-42A3-9474-1A3956D46DE8}") = "SpeechToText", "SpeechToText", "{8CF9311C-A2E3-44A2-9F01-24AEEC441ED7}"
EndProject
Project("{2150E333-8FDC-42A3-9474-1A3956D46DE8}") = "TextToText", "TextToText", "{5AC9C586-24AA-452F-A87D-4C8E76EFFDA3}"
EndProject
Project("{9A19103F-16F7-4668-BE54-9A1E7A4F7556}") = "TextToTextModule", "TextToTextModule\TextToTextModule.csproj", "{A5F3033F-3BEB-4745-B56D-86126A97E414}"
EndProject
Project("{9A19103F-16F7-4668-BE54-9A1E7A4F7556}") = "GoogleTranslate", "GoogleTranslate\GoogleTranslate.csproj", "{9B0D8F1E-C1C4-4147-BB0A-CA262BB00487}"
EndProject
Project("{9A19103F-16F7-4668-BE54-9A1E7A4F7556}") = "MarianMT", "MarianMT\MarianMT.csproj", "{FD7D2628-DBAD-4CB1-8F13-C25918C04A95}"
EndProject
Project("{2150E333-8FDC-42A3-9474-1A3956D46DE8}") = "TextToSpeech", "TextToSpeech", "{F51A2330-A93F-49B0-9856-A4CCB9A68D4D}"
EndProject
Project("{9A19103F-16F7-4668-BE54-9A1E7A4F7556}") = "TextToSpeechModule", "TextToSpeech\TextToSpeechModule.csproj", "{29B52482-AF30-47FC-BCF3-87A20E1B4D1A}"
EndProject
Project("{9A19103F-16F7-4668-BE54-9A1E7A4F7556}") = "GoogleTTS", "GoogleTTS\GoogleTTS.csproj", "{F95EAA8D-65A2-4FF2-BA09-2773AA7284C9}"
EndProject
Project("{9A19103F-16F7-4668-BE54-9A1E7A4F7556}") = "PyTTSx3", "PyTTSx3\PyTTSx3.csproj", "{030A35AD-E5A4-4DE8-97A3-9C607FC3DC8B}"
EndProject
Project("{9A19103F-16F7-4668-BE54-9A1E7A4F7556}") = "TensorFlowTTS", "TensorFlowTTS\TensorFlowTTS.csproj", "{96504687-9ABD-4808-A0F4-690F9F49B15F}"
EndProject
Project("{9A19103F-16F7-4668-BE54-9A1E7A4F7556}") = "RTVC", "RTVC\RTVC.csproj", "{B058B02C-4F45-4164-AD33-452255CECD7B}"
EndProject
Project("{2150E333-8FDC-42A3-9474-1A3956D46DE8}") = "SpeechToVideo", "SpeechToVideo", "{56ECCD31-4E04-4CDD-93E4-17EB78555D61}"
EndProject
Project("{FAE04EC0-301F-11D3-BF4B-00C04F79EFBC}") = "SpeechToVideoModule", "SpeechToVideoModule\SpeechToVideoModule.csproj", "{F9D5B924-2AB8-4308-9D82-D3DA751152CA}"
EndProject
Project("{FAE04EC0-301F-11D3-BF4B-00C04F79EFBC}") = "Wav2Lip", "Wav2Lip\Wav2Lip.csproj", "{606625AE-EC46-4FFF-8BE2-6866F7FCCB8A}"
EndProject
Global
	GlobalSection(SolutionConfigurationPlatforms) = preSolution
		Debug|Any CPU = Debug|Any CPU
		Release|Any CPU = Release|Any CPU
	EndGlobalSection
	GlobalSection(ProjectConfigurationPlatforms) = postSolution
		{D89A0B0F-7961-4845-A3DD-51AFB11BC8FF}.Debug|Any CPU.ActiveCfg = Debug|Any CPU
		{D89A0B0F-7961-4845-A3DD-51AFB11BC8FF}.Debug|Any CPU.Build.0 = Debug|Any CPU
		{D89A0B0F-7961-4845-A3DD-51AFB11BC8FF}.Release|Any CPU.ActiveCfg = Release|Any CPU
		{D89A0B0F-7961-4845-A3DD-51AFB11BC8FF}.Release|Any CPU.Build.0 = Release|Any CPU
		{6252928A-AEE8-47AC-B413-9195F643CFB6}.Debug|Any CPU.ActiveCfg = Debug|Any CPU
		{6252928A-AEE8-47AC-B413-9195F643CFB6}.Debug|Any CPU.Build.0 = Debug|Any CPU
		{6252928A-AEE8-47AC-B413-9195F643CFB6}.Release|Any CPU.ActiveCfg = Release|Any CPU
		{6252928A-AEE8-47AC-B413-9195F643CFB6}.Release|Any CPU.Build.0 = Release|Any CPU
		{5D44BE75-8277-4AF4-8C11-5A30A3721142}.Debug|Any CPU.ActiveCfg = Debug|Any CPU
		{5D44BE75-8277-4AF4-8C11-5A30A3721142}.Debug|Any CPU.Build.0 = Debug|Any CPU
		{5D44BE75-8277-4AF4-8C11-5A30A3721142}.Release|Any CPU.ActiveCfg = Release|Any CPU
		{5D44BE75-8277-4AF4-8C11-5A30A3721142}.Release|Any CPU.Build.0 = Release|Any CPU
		{1F5555CC-D5E9-4757-8FB9-0763231FB525}.Debug|Any CPU.ActiveCfg = Debug|Any CPU
		{1F5555CC-D5E9-4757-8FB9-0763231FB525}.Debug|Any CPU.Build.0 = Debug|Any CPU
		{1F5555CC-D5E9-4757-8FB9-0763231FB525}.Release|Any CPU.ActiveCfg = Release|Any CPU
		{1F5555CC-D5E9-4757-8FB9-0763231FB525}.Release|Any CPU.Build.0 = Release|Any CPU
		{5F11BAD1-3255-447C-9612-586C8093E785}.Debug|Any CPU.ActiveCfg = Debug|Any CPU
		{5F11BAD1-3255-447C-9612-586C8093E785}.Debug|Any CPU.Build.0 = Debug|Any CPU
		{5F11BAD1-3255-447C-9612-586C8093E785}.Release|Any CPU.ActiveCfg = Release|Any CPU
		{5F11BAD1-3255-447C-9612-586C8093E785}.Release|Any CPU.Build.0 = Release|Any CPU
		{8E2DA9DD-C086-4CCD-928A-CE05081095D2}.Debug|Any CPU.ActiveCfg = Debug|Any CPU
		{8E2DA9DD-C086-4CCD-928A-CE05081095D2}.Debug|Any CPU.Build.0 = Debug|Any CPU
		{8E2DA9DD-C086-4CCD-928A-CE05081095D2}.Release|Any CPU.ActiveCfg = Release|Any CPU
		{8E2DA9DD-C086-4CCD-928A-CE05081095D2}.Release|Any CPU.Build.0 = Release|Any CPU
		{A5F3033F-3BEB-4745-B56D-86126A97E414}.Debug|Any CPU.ActiveCfg = Debug|Any CPU
		{A5F3033F-3BEB-4745-B56D-86126A97E414}.Debug|Any CPU.Build.0 = Debug|Any CPU
		{A5F3033F-3BEB-4745-B56D-86126A97E414}.Release|Any CPU.ActiveCfg = Release|Any CPU
		{A5F3033F-3BEB-4745-B56D-86126A97E414}.Release|Any CPU.Build.0 = Release|Any CPU
		{9B0D8F1E-C1C4-4147-BB0A-CA262BB00487}.Debug|Any CPU.ActiveCfg = Debug|Any CPU
		{9B0D8F1E-C1C4-4147-BB0A-CA262BB00487}.Debug|Any CPU.Build.0 = Debug|Any CPU
		{9B0D8F1E-C1C4-4147-BB0A-CA262BB00487}.Release|Any CPU.ActiveCfg = Release|Any CPU
		{9B0D8F1E-C1C4-4147-BB0A-CA262BB00487}.Release|Any CPU.Build.0 = Release|Any CPU
		{FD7D2628-DBAD-4CB1-8F13-C25918C04A95}.Debug|Any CPU.ActiveCfg = Debug|Any CPU
		{FD7D2628-DBAD-4CB1-8F13-C25918C04A95}.Debug|Any CPU.Build.0 = Debug|Any CPU
		{FD7D2628-DBAD-4CB1-8F13-C25918C04A95}.Release|Any CPU.ActiveCfg = Release|Any CPU
		{FD7D2628-DBAD-4CB1-8F13-C25918C04A95}.Release|Any CPU.Build.0 = Release|Any CPU
		{29B52482-AF30-47FC-BCF3-87A20E1B4D1A}.Debug|Any CPU.ActiveCfg = Debug|Any CPU
		{29B52482-AF30-47FC-BCF3-87A20E1B4D1A}.Debug|Any CPU.Build.0 = Debug|Any CPU
		{29B52482-AF30-47FC-BCF3-87A20E1B4D1A}.Release|Any CPU.ActiveCfg = Release|Any CPU
		{29B52482-AF30-47FC-BCF3-87A20E1B4D1A}.Release|Any CPU.Build.0 = Release|Any CPU
		{F95EAA8D-65A2-4FF2-BA09-2773AA7284C9}.Debug|Any CPU.ActiveCfg = Debug|Any CPU
		{F95EAA8D-65A2-4FF2-BA09-2773AA7284C9}.Debug|Any CPU.Build.0 = Debug|Any CPU
		{F95EAA8D-65A2-4FF2-BA09-2773AA7284C9}.Release|Any CPU.ActiveCfg = Release|Any CPU
		{F95EAA8D-65A2-4FF2-BA09-2773AA7284C9}.Release|Any CPU.Build.0 = Release|Any CPU
		{030A35AD-E5A4-4DE8-97A3-9C607FC3DC8B}.Debug|Any CPU.ActiveCfg = Debug|Any CPU
		{030A35AD-E5A4-4DE8-97A3-9C607FC3DC8B}.Debug|Any CPU.Build.0 = Debug|Any CPU
		{030A35AD-E5A4-4DE8-97A3-9C607FC3DC8B}.Release|Any CPU.ActiveCfg = Release|Any CPU
		{030A35AD-E5A4-4DE8-97A3-9C607FC3DC8B}.Release|Any CPU.Build.0 = Release|Any CPU
		{96504687-9ABD-4808-A0F4-690F9F49B15F}.Debug|Any CPU.ActiveCfg = Debug|Any CPU
		{96504687-9ABD-4808-A0F4-690F9F49B15F}.Debug|Any CPU.Build.0 = Debug|Any CPU
		{96504687-9ABD-4808-A0F4-690F9F49B15F}.Release|Any CPU.ActiveCfg = Release|Any CPU
		{96504687-9ABD-4808-A0F4-690F9F49B15F}.Release|Any CPU.Build.0 = Release|Any CPU
		{B058B02C-4F45-4164-AD33-452255CECD7B}.Debug|Any CPU.ActiveCfg = Debug|Any CPU
		{B058B02C-4F45-4164-AD33-452255CECD7B}.Debug|Any CPU.Build.0 = Debug|Any CPU
		{B058B02C-4F45-4164-AD33-452255CECD7B}.Release|Any CPU.ActiveCfg = Release|Any CPU
		{B058B02C-4F45-4164-AD33-452255CECD7B}.Release|Any CPU.Build.0 = Release|Any CPU
		{F9D5B924-2AB8-4308-9D82-D3DA751152CA}.Debug|Any CPU.ActiveCfg = Debug|Any CPU
		{F9D5B924-2AB8-4308-9D82-D3DA751152CA}.Debug|Any CPU.Build.0 = Debug|Any CPU
		{F9D5B924-2AB8-4308-9D82-D3DA751152CA}.Release|Any CPU.ActiveCfg = Release|Any CPU
		{F9D5B924-2AB8-4308-9D82-D3DA751152CA}.Release|Any CPU.Build.0 = Release|Any CPU
		{606625AE-EC46-4FFF-8BE2-6866F7FCCB8A}.Debug|Any CPU.ActiveCfg = Debug|Any CPU
		{606625AE-EC46-4FFF-8BE2-6866F7FCCB8A}.Debug|Any CPU.Build.0 = Debug|Any CPU
		{606625AE-EC46-4FFF-8BE2-6866F7FCCB8A}.Release|Any CPU.ActiveCfg = Release|Any CPU
		{606625AE-EC46-4FFF-8BE2-6866F7FCCB8A}.Release|Any CPU.Build.0 = Release|Any CPU
	EndGlobalSection
	GlobalSection(SolutionProperties) = preSolution
		HideSolutionNode = FALSE
	EndGlobalSection
	GlobalSection(NestedProjects) = preSolution
		{6252928A-AEE8-47AC-B413-9195F643CFB6} = {8CF9311C-A2E3-44A2-9F01-24AEEC441ED7}
		{5D44BE75-8277-4AF4-8C11-5A30A3721142} = {8CF9311C-A2E3-44A2-9F01-24AEEC441ED7}
		{5F11BAD1-3255-447C-9612-586C8093E785} = {8CF9311C-A2E3-44A2-9F01-24AEEC441ED7}
		{8E2DA9DD-C086-4CCD-928A-CE05081095D2} = {8CF9311C-A2E3-44A2-9F01-24AEEC441ED7}
		{A5F3033F-3BEB-4745-B56D-86126A97E414} = {5AC9C586-24AA-452F-A87D-4C8E76EFFDA3}
		{9B0D8F1E-C1C4-4147-BB0A-CA262BB00487} = {5AC9C586-24AA-452F-A87D-4C8E76EFFDA3}
		{FD7D2628-DBAD-4CB1-8F13-C25918C04A95} = {5AC9C586-24AA-452F-A87D-4C8E76EFFDA3}
		{29B52482-AF30-47FC-BCF3-87A20E1B4D1A} = {F51A2330-A93F-49B0-9856-A4CCB9A68D4D}
		{F95EAA8D-65A2-4FF2-BA09-2773AA7284C9} = {F51A2330-A93F-49B0-9856-A4CCB9A68D4D}
		{030A35AD-E5A4-4DE8-97A3-9C607FC3DC8B} = {F51A2330-A93F-49B0-9856-A4CCB9A68D4D}
		{96504687-9ABD-4808-A0F4-690F9F49B15F} = {F51A2330-A93F-49B0-9856-A4CCB9A68D4D}
		{B058B02C-4F45-4164-AD33-452255CECD7B} = {F51A2330-A93F-49B0-9856-A4CCB9A68D4D}
		{F9D5B924-2AB8-4308-9D82-D3DA751152CA} = {56ECCD31-4E04-4CDD-93E4-17EB78555D61}
		{606625AE-EC46-4FFF-8BE2-6866F7FCCB8A} = {56ECCD31-4E04-4CDD-93E4-17EB78555D61}
	EndGlobalSection
	GlobalSection(ExtensibilityGlobals) = postSolution
		SolutionGuid = {3678BD8B-27AC-48AC-A682-5FD7AD11E72F}
	EndGlobalSection
EndGlobal
